{
  "name": "dummy_plugin",
  "version": "0.0.1",
  "lockfileVersion": 2,
  "requires": true,
  "packages": {
    "": {
      "name": "dummy_plugin",
      "version": "0.0.1",
      "license": "ISC",
      "dependencies": {
        "plugin_interface": "file:../../plugin_interface"
      }
    },
    "../../plugin_interface": {
      "version": "0.0.1",
      "license": "ISC",
      "dependencies": {
        "prom-client": "^14.1.0"
      }
    },
    "node_modules/plugin_interface": {
      "resolved": "../../plugin_interface",
      "link": true
    }
  },
  "dependencies": {
    "plugin_interface": {
      "version": "file:../../plugin_interface",
      "requires": {
        "prom-client": "^14.1.0"
      }
    }
  }
}
