---
lockVersion: 1.0.0
dependencies:
  codeql/concepts:
    version: 0.0.26
  codeql/controlflow:
    version: 2.0.36
  codeql/dataflow:
    version: 2.1.8
  codeql/go-all:
    version: 7.2.0
  codeql/mad:
    version: 1.0.52
  codeql/ssa:
    version: 2.0.28
  codeql/threat-models:
    version: 1.0.52
  codeql/tutorial:
    version: 1.0.52
  codeql/typetracking:
    version: 2.0.36
  codeql/util:
    version: 2.0.39
compiled: false
