# Generated by move; do not edit
# This file should be checked in.

[move]
version = 4

[pinned.mainnet.MoveStdlib]
source = { git = "https://github.com/MystenLabs/sui.git", subdir = "crates/sui-framework/packages/move-stdlib", rev = "22f9fc9781732d651e18384c9a8eb1dabddf73a6" }
use_environment = "mainnet"
manifest_digest = "C4FE4C91DE74CBF223B2E380AE40F592177D21870DC2D7EB6227D2D694E05363"
deps = {}

[pinned.mainnet.Sui]
source = { git = "https://github.com/MystenLabs/sui.git", subdir = "crates/sui-framework/packages/sui-framework", rev = "22f9fc9781732d651e18384c9a8eb1dabddf73a6" }
use_environment = "mainnet"
manifest_digest = "CD547CB1ACCE0880C835DAED2D8FFCB91D56C833AE5240D3AA5B918398263195"
deps = { MoveStdlib = "MoveStdlib" }

[pinned.mainnet.coins]
source = { root = true }
use_environment = "mainnet"
manifest_digest = "50AB1B43D12DF975C2A7E076477C7494F4D2E8E49E1D7D6A1F11E0A146990F58"
deps = { std = "MoveStdlib", sui = "Sui", token_bridge = "token_bridge", wormhole = "wormhole" }

[pinned.mainnet.token_bridge]
source = { local = "../../token_bridge" }
use_environment = "mainnet"
manifest_digest = "3A22793FA1026035281A868133019CA9432A02E27FBAB52F236FF3166842F4B9"
deps = { std = "MoveStdlib", sui = "Sui", wormhole = "wormhole" }

[pinned.mainnet.wormhole]
source = { local = "../../wormhole" }
use_environment = "mainnet"
manifest_digest = "E41BBD67BE8940D26C79D78B028477EF5B33BA217A1282C78ACB344CF8A5ECF6"
deps = { std = "MoveStdlib", sui = "Sui" }

[pinned.testnet.MoveStdlib]
source = { git = "https://github.com/MystenLabs/sui.git", subdir = "crates/sui-framework/packages/move-stdlib", rev = "22f9fc9781732d651e18384c9a8eb1dabddf73a6" }
use_environment = "testnet"
manifest_digest = "C4FE4C91DE74CBF223B2E380AE40F592177D21870DC2D7EB6227D2D694E05363"
deps = {}

[pinned.testnet.Sui]
source = { git = "https://github.com/MystenLabs/sui.git", subdir = "crates/sui-framework/packages/sui-framework", rev = "22f9fc9781732d651e18384c9a8eb1dabddf73a6" }
use_environment = "testnet"
manifest_digest = "7AFB66695545775FBFBB2D3078ADFD084244D5002392E837FDE21D9EA1C6D01C"
deps = { MoveStdlib = "MoveStdlib" }

[pinned.testnet.coins]
source = { root = true }
use_environment = "testnet"
manifest_digest = "910109B541F0C3966DE5E9932AB04EE804F2CD94BA68114D801A252029198860"
deps = { std = "MoveStdlib", sui = "Sui", token_bridge = "token_bridge", wormhole = "wormhole" }

[pinned.testnet.token_bridge]
source = { local = "../../token_bridge" }
use_environment = "testnet"
manifest_digest = "A73251CFC2BBF48800A81E4C042274AE31BEC9DEEB3012564872655516DEE4D1"
deps = { std = "MoveStdlib", sui = "Sui", wormhole = "wormhole" }

[pinned.testnet.wormhole]
source = { local = "../../wormhole" }
use_environment = "testnet"
manifest_digest = "5745706258F61D6CE210904B3E6AE87A73CE9D31A6F93BE4718C442529332A87"
deps = { std = "MoveStdlib", sui = "Sui" }
