# This file is automatically @generated by Cargo.
# It is not intended for manual editing.
version = 3

[[package]]
name = "addr2line"
version = "0.15.1"
source = "registry+https://github.com/rust-lang/crates.io-index"
checksum = "03345e98af8f3d786b6d9f656ccfa6ac316d954e92bc4841f0bba20789d5fb5a"
dependencies = [
 "gimli 0.24.0",
]

[[package]]
name = "adler"
version = "1.0.2"
source = "registry+https://github.com/rust-lang/crates.io-index"
checksum = "f26201604c87b1e01bd3d98f8d5d9a8fcbb815e8cedb41ffccbeb4bf593a35fe"

[[package]]
name = "arrayref"
version = "0.3.6"
source = "registry+https://github.com/rust-lang/crates.io-index"
checksum = "a4c527152e37cf757a3f78aae5a06fbeefdb07ccc535c980a3208ee3060dd544"

[[package]]
name = "arrayvec"
version = "0.5.2"
source = "registry+https://github.com/rust-lang/crates.io-index"
checksum = "23b62fc65de8e4e7f52534fb52b0f3ed04746ae267519eef2a83941e8085068b"

[[package]]
name = "autocfg"
version = "1.0.1"
source = "registry+https://github.com/rust-lang/crates.io-index"
checksum = "cdb031dd78e28731d87d56cc8ffef4a8f36ca26c38fe2de700543e627f8a464a"

[[package]]
name = "backtrace"
version = "0.3.59"
source = "registry+https://github.com/rust-lang/crates.io-index"
checksum = "4717cfcbfaa661a0fd48f8453951837ae7e8f81e481fbb136e3202d72805a744"
dependencies = [
 "addr2line",
 "cc",
 "cfg-if 1.0.0",
 "libc",
 "miniz_oxide",
 "object",
 "rustc-demangle",
]

[[package]]
name = "base64"
version = "0.11.0"
source = "registry+https://github.com/rust-lang/crates.io-index"
checksum = "b41b7ea54a0c9d92199de89e20e58d49f02f8e699814ef3fdf266f6f748d15c7"

[[package]]
name = "bigint"
version = "4.4.3"
source = "registry+https://github.com/rust-lang/crates.io-index"
checksum = "c0e8c8a600052b52482eff2cf4d810e462fdff1f656ac1ecb6232132a1ed7def"
dependencies = [
 "byteorder",
 "crunchy",
]

[[package]]
name = "bincode"
version = "1.3.3"
source = "registry+https://github.com/rust-lang/crates.io-index"
checksum = "b1f45e9417d87227c7a56d22e471c6206462cba514c7590c09aff4cf6d1ddcad"
dependencies = [
 "serde",
]

[[package]]
name = "bitflags"
version = "1.2.1"
source = "registry+https://github.com/rust-lang/crates.io-index"
checksum = "cf1de2fe8c75bc145a2f577add951f8134889b4795d47466a54a5c846d691693"

[[package]]
name = "bitvec"
version = "0.18.5"
source = "registry+https://github.com/rust-lang/crates.io-index"
checksum = "98fcd36dda4e17b7d7abc64cb549bf0201f4ab71e00700c798ca7e62ed3761fa"
dependencies = [
 "funty",
 "radium",
 "wyz",
]

[[package]]
name = "blake3"
version = "0.3.8"
source = "registry+https://github.com/rust-lang/crates.io-index"
checksum = "b64485778c4f16a6a5a9d335e80d449ac6c70cdd6a06d2af18a6f6f775a125b3"
dependencies = [
 "arrayref",
 "arrayvec",
 "cc",
 "cfg-if 0.1.10",
 "constant_time_eq",
 "crypto-mac 0.8.0",
 "digest 0.9.0",
]

[[package]]
name = "block-buffer"
version = "0.9.0"
source = "registry+https://github.com/rust-lang/crates.io-index"
checksum = "4152116fd6e9dadb291ae18fc1ec3575ed6d84c29642d97890f4b4a3417297e4"
dependencies = [
 "block-padding",
 "generic-array 0.14.4",
]

[[package]]
name = "block-padding"
version = "0.2.1"
source = "registry+https://github.com/rust-lang/crates.io-index"
checksum = "8d696c370c750c948ada61c69a0ee2cbbb9c50b1019ddb86d9317157a99c2cae"

[[package]]
name = "byteorder"
version = "1.4.3"
source = "registry+https://github.com/rust-lang/crates.io-index"
checksum = "14c189c53d098945499cdfa7ecc63567cf3886b3332b312a5b4585d8d3a6a610"

[[package]]
name = "cc"
version = "1.0.68"
source = "registry+https://github.com/rust-lang/crates.io-index"
checksum = "4a72c244c1ff497a746a7e1fb3d14bd08420ecda70c8f25c7112f2781652d787"

[[package]]
name = "cfg-if"
version = "0.1.10"
source = "registry+https://github.com/rust-lang/crates.io-index"
checksum = "4785bdd1c96b2a846b2bd7cc02e86b6b3dbf14e7e53446c4f54c92a361040822"

[[package]]
name = "cfg-if"
version = "1.0.0"
source = "registry+https://github.com/rust-lang/crates.io-index"
checksum = "baf1de4339761588bc0619e3cbc0120ee582ebb74b53b4efbf79117bd2da40fd"

[[package]]
name = "cloudabi"
version = "0.0.3"
source = "registry+https://github.com/rust-lang/crates.io-index"
checksum = "ddfc5b9aa5d4507acaf872de71051dfd0e309860e88966e1051e462a077aac4f"
dependencies = [
 "bitflags",
]

[[package]]
name = "constant_time_eq"
version = "0.1.5"
source = "registry+https://github.com/rust-lang/crates.io-index"
checksum = "245097e9a4535ee1e3e3931fcfcd55a796a44c643e8596ff6566d68f09b87bbc"

[[package]]
name = "cosmwasm-std"
version = "0.10.1"
source = "registry+https://github.com/rust-lang/crates.io-index"
checksum = "f85908a2696117c8f2c1b3ce201d34a1aa9a6b3c1583a65cfb794ec66e1cfde4"
dependencies = [
 "base64",
 "schemars",
 "serde",
 "serde-json-wasm",
 "snafu",
]

[[package]]
name = "cosmwasm-storage"
version = "0.10.1"
source = "registry+https://github.com/rust-lang/crates.io-index"
checksum = "e103531a2ce636e86b7639cec25d348c4d360832ab8e0e7f9a6e00f08aac1379"
dependencies = [
 "cosmwasm-std",
 "serde",
]

[[package]]
name = "cosmwasm-vm"
version = "0.10.1"
source = "registry+https://github.com/rust-lang/crates.io-index"
checksum = "12d56a7ad7bbbf04b94a782f25fe50a9372067737f661931acf9d30668003efd"
dependencies = [
 "cosmwasm-std",
 "hex",
 "memmap",
 "parity-wasm",
 "schemars",
 "serde",
 "serde_json",
 "sha2",
 "snafu",
 "wasmer-clif-backend",
 "wasmer-middleware-common",
 "wasmer-runtime-core",
]

[[package]]
name = "cpufeatures"
version = "0.1.4"
source = "registry+https://github.com/rust-lang/crates.io-index"
checksum = "ed00c67cb5d0a7d64a44f6ad2668db7e7530311dd53ea79bcd4fb022c64911c8"
dependencies = [
 "libc",
]

[[package]]
name = "cranelift-bforest"
version = "0.59.0"
source = "registry+https://github.com/rust-lang/crates.io-index"
checksum = "45a9c21f8042b9857bda93f6c1910b9f9f24100187a3d3d52f214a34e3dc5818"
dependencies = [
 "cranelift-entity",
]

[[package]]
name = "cranelift-codegen"
version = "0.59.0"
source = "registry+https://github.com/rust-lang/crates.io-index"
checksum = "7853f77a6e4a33c67a69c40f5e1bb982bd2dc5c4a22e17e67b65bbccf9b33b2e"
dependencies = [
 "byteorder",
 "cranelift-bforest",
 "cranelift-codegen-meta",
 "cranelift-codegen-shared",
 "cranelift-entity",
 "gimli 0.20.0",
 "log",
 "smallvec",
 "target-lexicon",
 "thiserror",
]

[[package]]
name = "cranelift-codegen-meta"
version = "0.59.0"
source = "registry+https://github.com/rust-lang/crates.io-index"
checksum = "084cd6d5fb0d1da28acd72c199471bfb09acc703ec8f3bf07b1699584272a3b9"
dependencies = [
 "cranelift-codegen-shared",
 "cranelift-entity",
]

[[package]]
name = "cranelift-codegen-shared"
version = "0.59.0"
source = "registry+https://github.com/rust-lang/crates.io-index"
checksum = "701b599783305a58c25027a4d73f2d6b599b2d8ef3f26677275f480b4d51e05d"

[[package]]
name = "cranelift-entity"
version = "0.59.0"
source = "registry+https://github.com/rust-lang/crates.io-index"
checksum = "b88e792b28e1ebbc0187b72ba5ba880dad083abe9231a99d19604d10c9e73f38"

[[package]]
name = "cranelift-native"
version = "0.59.0"
source = "registry+https://github.com/rust-lang/crates.io-index"
checksum = "32daf082da21c0c05d93394ff4842c2ab7c4991b1f3186a1d952f8ac660edd0b"
dependencies = [
 "cranelift-codegen",
 "raw-cpuid",
 "target-lexicon",
]

[[package]]
name = "crossbeam-channel"
version = "0.5.1"
source = "registry+https://github.com/rust-lang/crates.io-index"
checksum = "06ed27e177f16d65f0f0c22a213e17c696ace5dd64b14258b52f9417ccb52db4"
dependencies = [
 "cfg-if 1.0.0",
 "crossbeam-utils",
]

[[package]]
name = "crossbeam-deque"
version = "0.8.0"
source = "registry+https://github.com/rust-lang/crates.io-index"
checksum = "94af6efb46fef72616855b036a624cf27ba656ffc9be1b9a3c931cfc7749a9a9"
dependencies = [
 "cfg-if 1.0.0",
 "crossbeam-epoch",
 "crossbeam-utils",
]

[[package]]
name = "crossbeam-epoch"
version = "0.9.4"
source = "registry+https://github.com/rust-lang/crates.io-index"
checksum = "52fb27eab85b17fbb9f6fd667089e07d6a2eb8743d02639ee7f6a7a7729c9c94"
dependencies = [
 "cfg-if 1.0.0",
 "crossbeam-utils",
 "lazy_static",
 "memoffset",
 "scopeguard",
]

[[package]]
name = "crossbeam-utils"
version = "0.8.4"
source = "registry+https://github.com/rust-lang/crates.io-index"
checksum = "4feb231f0d4d6af81aed15928e58ecf5816aa62a2393e2c82f46973e92a9a278"
dependencies = [
 "autocfg",
 "cfg-if 1.0.0",
 "lazy_static",
]

[[package]]
name = "crunchy"
version = "0.1.6"
source = "registry+https://github.com/rust-lang/crates.io-index"
checksum = "a2f4a431c5c9f662e1200b7c7f02c34e91361150e382089a8f2dec3ba680cbda"

[[package]]
name = "crypto-mac"
version = "0.8.0"
source = "registry+https://github.com/rust-lang/crates.io-index"
checksum = "b584a330336237c1eecd3e94266efb216c56ed91225d634cb2991c5f3fd1aeab"
dependencies = [
 "generic-array 0.14.4",
 "subtle",
]

[[package]]
name = "crypto-mac"
version = "0.9.1"
source = "registry+https://github.com/rust-lang/crates.io-index"
checksum = "58bcd97a54c7ca5ce2f6eb16f6bede5b0ab5f0055fedc17d2f0b4466e21671ca"
dependencies = [
 "generic-array 0.14.4",
 "subtle",
]

[[package]]
name = "cw0"
version = "0.2.3"
source = "registry+https://github.com/rust-lang/crates.io-index"
checksum = "b469bb5d63a036339cbb3042fb1254016b5d4889b15f420fea1c1339497b19de"
dependencies = [
 "cosmwasm-std",
 "schemars",
 "serde",
]

[[package]]
name = "cw2"
version = "0.2.3"
source = "registry+https://github.com/rust-lang/crates.io-index"
checksum = "a1a5dd960277ae9180e0077fcc8769928da2d9c1c42cc8c8c734c625c6f2a90b"
dependencies = [
 "cosmwasm-std",
 "cosmwasm-storage",
 "schemars",
 "serde",
]

[[package]]
name = "cw20"
version = "0.2.3"
source = "registry+https://github.com/rust-lang/crates.io-index"
checksum = "ffd85ddcac2bf5c1899dd13e52985d260dae02db21a618d9d4c2c36dab63a915"
dependencies = [
 "cosmwasm-std",
 "cw0",
 "schemars",
 "serde",
]

[[package]]
name = "cw20-base"
version = "0.2.3"
source = "registry+https://github.com/rust-lang/crates.io-index"
checksum = "6c09657718df5243810b10d49359a352eed197966f578366624198fe1740fb52"
dependencies = [
 "cosmwasm-std",
 "cosmwasm-storage",
 "cw0",
 "cw2",
 "cw20",
 "schemars",
 "serde",
 "snafu",
]

[[package]]
name = "cw20-wrapped"
version = "0.1.0"
dependencies = [
 "cosmwasm-std",
 "cosmwasm-storage",
 "cosmwasm-vm",
 "cw20",
 "cw20-base",
 "schemars",
 "serde",
 "thiserror",
]

[[package]]
name = "digest"
version = "0.8.1"
source = "registry+https://github.com/rust-lang/crates.io-index"
checksum = "f3d0c8c8752312f9713efd397ff63acb9f85585afbf179282e720e7704954dd5"
dependencies = [
 "generic-array 0.12.4",
]

[[package]]
name = "digest"
version = "0.9.0"
source = "registry+https://github.com/rust-lang/crates.io-index"
checksum = "d3dd60d1080a57a05ab032377049e0591415d2b31afd7028356dbf3cc6dcb066"
dependencies = [
 "generic-array 0.14.4",
]

[[package]]
name = "doc-comment"
version = "0.3.3"
source = "registry+https://github.com/rust-lang/crates.io-index"
checksum = "fea41bba32d969b513997752735605054bc0dfa92b4c56bf1189f2e174be7a10"

[[package]]
name = "ecdsa"
version = "0.8.5"
source = "registry+https://github.com/rust-lang/crates.io-index"
checksum = "87bf8bfb05ea8a6f74ddf48c7d1774851ba77bbe51ac984fdfa6c30310e1ff5f"
dependencies = [
 "elliptic-curve",
 "hmac",
 "signature",
]

[[package]]
name = "either"
version = "1.6.1"
source = "registry+https://github.com/rust-lang/crates.io-index"
checksum = "e78d4f1cc4ae33bbfc157ed5d5a5ef3bc29227303d595861deb238fcec4e9457"

[[package]]
name = "elliptic-curve"
version = "0.6.6"
source = "registry+https://github.com/rust-lang/crates.io-index"
checksum = "396db09c483e7fca5d4fdb9112685632b3e76c9a607a2649c1bf904404a01366"
dependencies = [
 "bitvec",
 "digest 0.9.0",
 "ff",
 "generic-array 0.14.4",
 "group",
 "rand_core",
 "subtle",
 "zeroize",
]

[[package]]
name = "errno"
version = "0.2.7"
source = "registry+https://github.com/rust-lang/crates.io-index"
checksum = "fa68f2fb9cae9d37c9b2b3584aba698a2e97f72d7aef7b9f7aa71d8b54ce46fe"
dependencies = [
 "errno-dragonfly",
 "libc",
 "winapi",
]

[[package]]
name = "errno-dragonfly"
version = "0.1.1"
source = "registry+https://github.com/rust-lang/crates.io-index"
checksum = "14ca354e36190500e1e1fb267c647932382b54053c50b14970856c0b00a35067"
dependencies = [
 "gcc",
 "libc",
]

[[package]]
name = "ff"
version = "0.8.0"
source = "registry+https://github.com/rust-lang/crates.io-index"
checksum = "01646e077d4ebda82b73f1bca002ea1e91561a77df2431a9e79729bcc31950ef"
dependencies = [
 "bitvec",
 "rand_core",
 "subtle",
]

[[package]]
name = "funty"
version = "1.1.0"
source = "registry+https://github.com/rust-lang/crates.io-index"
checksum = "fed34cd105917e91daa4da6b3728c47b068749d6a62c59811f06ed2ac71d9da7"

[[package]]
name = "gcc"
version = "0.3.55"
source = "registry+https://github.com/rust-lang/crates.io-index"
checksum = "8f5f3913fa0bfe7ee1fd8248b6b9f42a5af4b9d65ec2dd2c3c26132b950ecfc2"

[[package]]
name = "generic-array"
version = "0.12.4"
source = "registry+https://github.com/rust-lang/crates.io-index"
checksum = "ffdf9f34f1447443d37393cc6c2b8313aebddcd96906caf34e54c68d8e57d7bd"
dependencies = [
 "typenum",
]

[[package]]
name = "generic-array"
version = "0.14.4"
source = "registry+https://github.com/rust-lang/crates.io-index"
checksum = "501466ecc8a30d1d3b7fc9229b122b2ce8ed6e9d9223f1138d4babb253e51817"
dependencies = [
 "typenum",
 "version_check",
]

[[package]]
name = "gimli"
version = "0.20.0"
source = "registry+https://github.com/rust-lang/crates.io-index"
checksum = "81dd6190aad0f05ddbbf3245c54ed14ca4aa6dd32f22312b70d8f168c3e3e633"
dependencies = [
 "byteorder",
 "indexmap",
]

[[package]]
name = "gimli"
version = "0.24.0"
source = "registry+https://github.com/rust-lang/crates.io-index"
checksum = "0e4075386626662786ddb0ec9081e7c7eeb1ba31951f447ca780ef9f5d568189"

[[package]]
name = "group"
version = "0.8.0"
source = "registry+https://github.com/rust-lang/crates.io-index"
checksum = "cc11f9f5fbf1943b48ae7c2bf6846e7d827a512d1be4f23af708f5ca5d01dde1"
dependencies = [
 "ff",
 "rand_core",
 "subtle",
]

[[package]]
name = "hashbrown"
version = "0.9.1"
source = "registry+https://github.com/rust-lang/crates.io-index"
checksum = "d7afe4a420e3fe79967a00898cc1f4db7c8a49a9333a29f8a4bd76a253d5cd04"

[[package]]
name = "hermit-abi"
version = "0.1.18"
source = "registry+https://github.com/rust-lang/crates.io-index"
checksum = "322f4de77956e22ed0e5032c359a0f1273f1f7f0d79bfa3b8ffbc730d7fbcc5c"
dependencies = [
 "libc",
]

[[package]]
name = "hex"
version = "0.4.3"
source = "registry+https://github.com/rust-lang/crates.io-index"
checksum = "7f24254aa9a54b5c858eaee2f5bccdb46aaf0e486a595ed5fd8f86ba55232a70"

[[package]]
name = "hmac"
version = "0.9.0"
source = "registry+https://github.com/rust-lang/crates.io-index"
checksum = "deae6d9dbb35ec2c502d62b8f7b1c000a0822c3b0794ba36b3149c0a1c840dff"
dependencies = [
 "crypto-mac 0.9.1",
 "digest 0.9.0",
]

[[package]]
name = "indexmap"
version = "1.6.2"
source = "registry+https://github.com/rust-lang/crates.io-index"
checksum = "824845a0bf897a9042383849b02c1bc219c2383772efcd5c6f9766fa4b81aef3"
dependencies = [
 "autocfg",
 "hashbrown",
 "serde",
]

[[package]]
name = "itoa"
version = "0.4.7"
source = "registry+https://github.com/rust-lang/crates.io-index"
checksum = "dd25036021b0de88a0aff6b850051563c6516d0bf53f8638938edbb9de732736"

[[package]]
name = "k256"
version = "0.5.10"
source = "registry+https://github.com/rust-lang/crates.io-index"
checksum = "3934640b1efbc660af5889d041854b6985d403771dc4d5fee984e13e8f82f313"
dependencies = [
 "cfg-if 1.0.0",
 "ecdsa",
 "elliptic-curve",
]

[[package]]
name = "keccak"
version = "0.1.0"
source = "registry+https://github.com/rust-lang/crates.io-index"
checksum = "67c21572b4949434e4fc1e1978b99c5f77064153c59d998bf13ecd96fb5ecba7"

[[package]]
name = "lazy_static"
version = "1.4.0"
source = "registry+https://github.com/rust-lang/crates.io-index"
checksum = "e2abad23fbc42b3700f2f279844dc832adb2b2eb069b2df918f455c4e18cc646"

[[package]]
name = "libc"
version = "0.2.95"
source = "registry+https://github.com/rust-lang/crates.io-index"
checksum = "789da6d93f1b866ffe175afc5322a4d76c038605a1c3319bb57b06967ca98a36"

[[package]]
name = "lock_api"
version = "0.3.4"
source = "registry+https://github.com/rust-lang/crates.io-index"
checksum = "c4da24a77a3d8a6d4862d95f72e6fdb9c09a643ecdb402d754004a557f2bec75"
dependencies = [
 "scopeguard",
]

[[package]]
name = "log"
version = "0.4.14"
source = "registry+https://github.com/rust-lang/crates.io-index"
checksum = "51b9bbe6c47d51fc3e1a9b945965946b4c44142ab8792c50835a980d362c2710"
dependencies = [
 "cfg-if 1.0.0",
]

[[package]]
name = "memmap"
version = "0.7.0"
source = "registry+https://github.com/rust-lang/crates.io-index"
checksum = "6585fd95e7bb50d6cc31e20d4cf9afb4e2ba16c5846fc76793f11218da9c475b"
dependencies = [
 "libc",
 "winapi",
]

[[package]]
name = "memoffset"
version = "0.6.4"
source = "registry+https://github.com/rust-lang/crates.io-index"
checksum = "59accc507f1338036a0477ef61afdae33cde60840f4dfe481319ce3ad116ddf9"
dependencies = [
 "autocfg",
]

[[package]]
name = "miniz_oxide"
version = "0.4.4"
source = "registry+https://github.com/rust-lang/crates.io-index"
checksum = "a92518e98c078586bc6c934028adcca4c92a53d6a958196de835170a01d84e4b"
dependencies = [
 "adler",
 "autocfg",
]

[[package]]
name = "nix"
version = "0.15.0"
source = "registry+https://github.com/rust-lang/crates.io-index"
checksum = "3b2e0b4f3320ed72aaedb9a5ac838690a8047c7b275da22711fddff4f8a14229"
dependencies = [
 "bitflags",
 "cc",
 "cfg-if 0.1.10",
 "libc",
 "void",
]

[[package]]
name = "num_cpus"
version = "1.13.0"
source = "registry+https://github.com/rust-lang/crates.io-index"
checksum = "05499f3756671c15885fee9034446956fff3f243d6077b91e5767df161f766b3"
dependencies = [
 "hermit-abi",
 "libc",
]

[[package]]
name = "object"
version = "0.24.0"
source = "registry+https://github.com/rust-lang/crates.io-index"
checksum = "1a5b3dd1c072ee7963717671d1ca129f1048fda25edea6b752bfc71ac8854170"

[[package]]
name = "opaque-debug"
version = "0.3.0"
source = "registry+https://github.com/rust-lang/crates.io-index"
checksum = "624a8340c38c1b80fd549087862da4ba43e08858af025b236e509b6649fc13d5"

[[package]]
name = "page_size"
version = "0.4.2"
source = "registry+https://github.com/rust-lang/crates.io-index"
checksum = "eebde548fbbf1ea81a99b128872779c437752fb99f217c45245e1a61dcd9edcd"
dependencies = [
 "libc",
 "winapi",
]

[[package]]
name = "parity-wasm"
version = "0.41.0"
source = "registry+https://github.com/rust-lang/crates.io-index"
checksum = "ddfc878dac00da22f8f61e7af3157988424567ab01d9920b962ef7dcbd7cd865"

[[package]]
name = "parking_lot"
version = "0.10.2"
source = "registry+https://github.com/rust-lang/crates.io-index"
checksum = "d3a704eb390aafdc107b0e392f56a82b668e3a71366993b5340f5833fd62505e"
dependencies = [
 "lock_api",
 "parking_lot_core",
]

[[package]]
name = "parking_lot_core"
version = "0.7.2"
source = "registry+https://github.com/rust-lang/crates.io-index"
checksum = "d58c7c768d4ba344e3e8d72518ac13e259d7c7ade24167003b8488e10b6740a3"
dependencies = [
 "cfg-if 0.1.10",
 "cloudabi",
 "libc",
 "redox_syscall",
 "smallvec",
 "winapi",
]

[[package]]
name = "proc-macro2"
version = "1.0.27"
source = "registry+https://github.com/rust-lang/crates.io-index"
checksum = "f0d8caf72986c1a598726adc988bb5984792ef84f5ee5aa50209145ee8077038"
dependencies = [
 "unicode-xid",
]

[[package]]
name = "quote"
version = "1.0.9"
source = "registry+https://github.com/rust-lang/crates.io-index"
checksum = "c3d0b9745dc2debf507c8422de05d7226cc1f0644216dfdfead988f9b1ab32a7"
dependencies = [
 "proc-macro2",
]

[[package]]
name = "radium"
version = "0.3.0"
source = "registry+https://github.com/rust-lang/crates.io-index"
checksum = "def50a86306165861203e7f84ecffbbdfdea79f0e51039b33de1e952358c47ac"

[[package]]
name = "rand_core"
version = "0.5.1"
source = "registry+https://github.com/rust-lang/crates.io-index"
checksum = "90bde5296fc891b0cef12a6d03ddccc162ce7b2aff54160af9338f8d40df6d19"

[[package]]
name = "raw-cpuid"
version = "7.0.4"
source = "registry+https://github.com/rust-lang/crates.io-index"
checksum = "beb71f708fe39b2c5e98076204c3cc094ee5a4c12c4cdb119a2b72dc34164f41"
dependencies = [
 "bitflags",
 "cc",
 "rustc_version",
]

[[package]]
name = "rayon"
version = "1.5.1"
source = "registry+https://github.com/rust-lang/crates.io-index"
checksum = "c06aca804d41dbc8ba42dfd964f0d01334eceb64314b9ecf7c5fad5188a06d90"
dependencies = [
 "autocfg",
 "crossbeam-deque",
 "either",
 "rayon-core",
]

[[package]]
name = "rayon-core"
version = "1.9.1"
source = "registry+https://github.com/rust-lang/crates.io-index"
checksum = "d78120e2c850279833f1dd3582f730c4ab53ed95aeaaaa862a2a5c71b1656d8e"
dependencies = [
 "crossbeam-channel",
 "crossbeam-deque",
 "crossbeam-utils",
 "lazy_static",
 "num_cpus",
]

[[package]]
name = "redox_syscall"
version = "0.1.57"
source = "registry+https://github.com/rust-lang/crates.io-index"
checksum = "41cc0f7e4d5d4544e8861606a285bb08d3e70712ccc7d2b84d7c0ccfaf4b05ce"

[[package]]
name = "rustc-demangle"
version = "0.1.19"
source = "registry+https://github.com/rust-lang/crates.io-index"
checksum = "410f7acf3cb3a44527c5d9546bad4bf4e6c460915d5f9f2fc524498bfe8f70ce"

[[package]]
name = "rustc_version"
version = "0.2.3"
source = "registry+https://github.com/rust-lang/crates.io-index"
checksum = "138e3e0acb6c9fb258b19b67cb8abd63c00679d2851805ea151465464fe9030a"
dependencies = [
 "semver",
]

[[package]]
name = "ryu"
version = "1.0.5"
source = "registry+https://github.com/rust-lang/crates.io-index"
checksum = "71d301d4193d031abdd79ff7e3dd721168a9572ef3fe51a1517aba235bd8f86e"

[[package]]
name = "schemars"
version = "0.7.6"
source = "registry+https://github.com/rust-lang/crates.io-index"
checksum = "be77ed66abed6954aabf6a3e31a84706bedbf93750d267e92ef4a6d90bbd6a61"
dependencies = [
 "schemars_derive",
 "serde",
 "serde_json",
]

[[package]]
name = "schemars_derive"
version = "0.7.6"
source = "registry+https://github.com/rust-lang/crates.io-index"
checksum = "11af7a475c9ee266cfaa9e303a47c830ebe072bf3101ab907a7b7b9d816fa01d"
dependencies = [
 "proc-macro2",
 "quote",
 "serde_derive_internals",
 "syn",
]

[[package]]
name = "scopeguard"
version = "1.1.0"
source = "registry+https://github.com/rust-lang/crates.io-index"
checksum = "d29ab0c6d3fc0ee92fe66e2d99f700eab17a8d57d1c1d3b748380fb20baa78cd"

[[package]]
name = "semver"
version = "0.9.0"
source = "registry+https://github.com/rust-lang/crates.io-index"
checksum = "1d7eb9ef2c18661902cc47e535f9bc51b78acd254da71d375c2f6720d9a40403"
dependencies = [
 "semver-parser",
]

[[package]]
name = "semver-parser"
version = "0.7.0"
source = "registry+https://github.com/rust-lang/crates.io-index"
checksum = "388a1df253eca08550bef6c72392cfe7c30914bf41df5269b68cbd6ff8f570a3"

[[package]]
name = "serde"
version = "1.0.126"
source = "registry+https://github.com/rust-lang/crates.io-index"
checksum = "ec7505abeacaec74ae4778d9d9328fe5a5d04253220a85c4ee022239fc996d03"
dependencies = [
 "serde_derive",
]

[[package]]
name = "serde-bench"
version = "0.0.7"
source = "registry+https://github.com/rust-lang/crates.io-index"
checksum = "d733da87e79faaac25616e33d26299a41143fd4cd42746cbb0e91d8feea243fd"
dependencies = [
 "byteorder",
 "serde",
]

[[package]]
name = "serde-json-wasm"
version = "0.2.3"
source = "registry+https://github.com/rust-lang/crates.io-index"
checksum = "120bad73306616e91acd7ceed522ba96032a51cffeef3cc813de7f367df71e37"
dependencies = [
 "serde",
]

[[package]]
name = "serde_bytes"
version = "0.11.5"
source = "registry+https://github.com/rust-lang/crates.io-index"
checksum = "16ae07dd2f88a366f15bd0632ba725227018c69a1c8550a927324f8eb8368bb9"
dependencies = [
 "serde",
]

[[package]]
name = "serde_derive"
version = "1.0.126"
source = "registry+https://github.com/rust-lang/crates.io-index"
checksum = "963a7dbc9895aeac7ac90e74f34a5d5261828f79df35cbed41e10189d3804d43"
dependencies = [
 "proc-macro2",
 "quote",
 "syn",
]

[[package]]
name = "serde_derive_internals"
version = "0.25.0"
source = "registry+https://github.com/rust-lang/crates.io-index"
checksum = "1dbab34ca63057a1f15280bdf3c39f2b1eb1b54c17e98360e511637aef7418c6"
dependencies = [
 "proc-macro2",
 "quote",
 "syn",
]

[[package]]
name = "serde_json"
version = "1.0.64"
source = "registry+https://github.com/rust-lang/crates.io-index"
checksum = "799e97dc9fdae36a5c8b8f2cae9ce2ee9fdce2058c57a93e6099d919fd982f79"
dependencies = [
 "itoa",
 "ryu",
 "serde",
]

[[package]]
name = "sha2"
version = "0.9.5"
source = "registry+https://github.com/rust-lang/crates.io-index"
checksum = "b362ae5752fd2137731f9fa25fd4d9058af34666ca1966fb969119cc35719f12"
dependencies = [
 "block-buffer",
 "cfg-if 1.0.0",
 "cpufeatures",
 "digest 0.9.0",
 "opaque-debug",
]

[[package]]
name = "sha3"
version = "0.9.1"
source = "registry+https://github.com/rust-lang/crates.io-index"
checksum = "f81199417d4e5de3f04b1e871023acea7389672c4135918f05aa9cbf2f2fa809"
dependencies = [
 "block-buffer",
 "digest 0.9.0",
 "keccak",
 "opaque-debug",
]

[[package]]
name = "signature"
version = "1.2.2"
source = "registry+https://github.com/rust-lang/crates.io-index"
checksum = "29f060a7d147e33490ec10da418795238fd7545bba241504d6b31a409f2e6210"
dependencies = [
 "digest 0.9.0",
 "rand_core",
]

[[package]]
name = "smallvec"
version = "1.6.1"
source = "registry+https://github.com/rust-lang/crates.io-index"
checksum = "fe0f37c9e8f3c5a4a66ad655a93c74daac4ad00c441533bf5c6e7990bb42604e"

[[package]]
name = "snafu"
version = "0.6.10"
source = "registry+https://github.com/rust-lang/crates.io-index"
checksum = "eab12d3c261b2308b0d80c26fffb58d17eba81a4be97890101f416b478c79ca7"
dependencies = [
 "backtrace",
 "doc-comment",
 "snafu-derive",
]

[[package]]
name = "snafu-derive"
version = "0.6.10"
source = "registry+https://github.com/rust-lang/crates.io-index"
checksum = "1508efa03c362e23817f96cde18abed596a25219a8b2c66e8db33c03543d315b"
dependencies = [
 "proc-macro2",
 "quote",
 "syn",
]

[[package]]
name = "subtle"
version = "2.4.0"
source = "registry+https://github.com/rust-lang/crates.io-index"
checksum = "1e81da0851ada1f3e9d4312c704aa4f8806f0f9d69faaf8df2f3464b4a9437c2"

[[package]]
name = "syn"
version = "1.0.72"
source = "registry+https://github.com/rust-lang/crates.io-index"
checksum = "a1e8cdbefb79a9a5a65e0db8b47b723ee907b7c7f8496c76a1770b5c310bab82"
dependencies = [
 "proc-macro2",
 "quote",
 "unicode-xid",
]

[[package]]
name = "target-lexicon"
version = "0.10.0"
source = "registry+https://github.com/rust-lang/crates.io-index"
checksum = "ab0e7238dcc7b40a7be719a25365910f6807bd864f4cce6b2e6b873658e2b19d"

[[package]]
name = "terra-cosmwasm"
version = "1.2.4"
source = "registry+https://github.com/rust-lang/crates.io-index"
checksum = "4d7275aacd385e4f41647634c35692b1982085917b4dcfc1fdfa3984ee4ce45d"
dependencies = [
 "cosmwasm-std",
 "schemars",
 "serde",
]

[[package]]
name = "terraswap"
version = "1.2.0"
source = "registry+https://github.com/rust-lang/crates.io-index"
checksum = "02334ec5ad280fcc09c86467d40383ea1e4d977103345e53a4f03006c4be51c2"
dependencies = [
 "cosmwasm-std",
 "cosmwasm-storage",
 "cw20",
 "schemars",
 "serde",
 "terra-cosmwasm",
]

[[package]]
name = "thiserror"
version = "1.0.25"
source = "registry+https://github.com/rust-lang/crates.io-index"
checksum = "fa6f76457f59514c7eeb4e59d891395fab0b2fd1d40723ae737d64153392e9c6"
dependencies = [
 "thiserror-impl",
]

[[package]]
name = "thiserror-impl"
version = "1.0.25"
source = "registry+https://github.com/rust-lang/crates.io-index"
checksum = "8a36768c0fbf1bb15eca10defa29526bda730a2376c2ab4393ccfa16fb1a318d"
dependencies = [
 "proc-macro2",
 "quote",
 "syn",
]

[[package]]
name = "token-bridge"
version = "0.1.0"
dependencies = [
 "bigint",
 "cosmwasm-std",
 "cosmwasm-storage",
 "cosmwasm-vm",
 "cw20",
 "cw20-base",
 "cw20-wrapped",
 "generic-array 0.14.4",
 "hex",
 "k256",
 "lazy_static",
 "schemars",
 "serde",
 "serde_json",
 "sha3",
 "terraswap",
 "thiserror",
 "wormhole",
]

[[package]]
name = "typenum"
version = "1.13.0"
source = "registry+https://github.com/rust-lang/crates.io-index"
checksum = "879f6906492a7cd215bfa4cf595b600146ccfac0c79bcbd1f3000162af5e8b06"

[[package]]
name = "unicode-xid"
version = "0.2.2"
source = "registry+https://github.com/rust-lang/crates.io-index"
checksum = "8ccb82d61f80a663efe1f787a51b16b5a51e3314d6ac365b08639f52387b33f3"

[[package]]
name = "version_check"
version = "0.9.3"
source = "registry+https://github.com/rust-lang/crates.io-index"
checksum = "5fecdca9a5291cc2b8dcf7dc02453fee791a280f3743cb0905f8822ae463b3fe"

[[package]]
name = "void"
version = "1.0.2"
source = "registry+https://github.com/rust-lang/crates.io-index"
checksum = "6a02e4885ed3bc0f2de90ea6dd45ebcbb66dacffe03547fadbb0eeae2770887d"

[[package]]
name = "wasmer-clif-backend"
version = "0.17.0"
source = "registry+https://github.com/rust-lang/crates.io-index"
checksum = "691ea323652d540a10722066dbf049936f4367bb22a96f8992a262a942a8b11b"
dependencies = [
 "byteorder",
 "cranelift-codegen",
 "cranelift-entity",
 "cranelift-native",
 "libc",
 "nix",
 "rayon",
 "serde",
 "serde-bench",
 "serde_bytes",
 "serde_derive",
 "target-lexicon",
 "wasmer-clif-fork-frontend",
 "wasmer-clif-fork-wasm",
 "wasmer-runtime-core",
 "wasmer-win-exception-handler",
 "wasmparser",
 "winapi",
]

[[package]]
name = "wasmer-clif-fork-frontend"
version = "0.59.0"
source = "registry+https://github.com/rust-lang/crates.io-index"
checksum = "c23f2824f354a00a77e4b040eef6e1d4c595a8a3e9013bad65199cc8dade9a5a"
dependencies = [
 "cranelift-codegen",
 "log",
 "smallvec",
 "target-lexicon",
]

[[package]]
name = "wasmer-clif-fork-wasm"
version = "0.59.0"
source = "registry+https://github.com/rust-lang/crates.io-index"
checksum = "a35e21d3aebc51cc6ebc0e830cf8458a9891c3482fb3c65ad18d408102929ae5"
dependencies = [
 "cranelift-codegen",
 "cranelift-entity",
 "log",
 "thiserror",
 "wasmer-clif-fork-frontend",
 "wasmparser",
]

[[package]]
name = "wasmer-middleware-common"
version = "0.17.0"
source = "registry+https://github.com/rust-lang/crates.io-index"
checksum = "fd94068186b25fbe5213442648ffe0fa65ee77389bed020404486fd22056cc87"
dependencies = [
 "wasmer-runtime-core",
]

[[package]]
name = "wasmer-runtime-core"
version = "0.17.0"
source = "registry+https://github.com/rust-lang/crates.io-index"
checksum = "45d4253f097502423d8b19d54cb18745f61b984b9dbce32424cba7945cfef367"
dependencies = [
 "bincode",
 "blake3",
 "cc",
 "digest 0.8.1",
 "errno",
 "hex",
 "indexmap",
 "lazy_static",
 "libc",
 "nix",
 "page_size",
 "parking_lot",
 "rustc_version",
 "serde",
 "serde-bench",
 "serde_bytes",
 "serde_derive",
 "smallvec",
 "target-lexicon",
 "wasmparser",
 "winapi",
]

[[package]]
name = "wasmer-win-exception-handler"
version = "0.17.0"
source = "registry+https://github.com/rust-lang/crates.io-index"
checksum = "cf22ce6dc66d893099aac853d451bf9443fa8f5443f5bf4fc63f3aebd7b592b1"
dependencies = [
 "cc",
 "libc",
 "wasmer-runtime-core",
 "winapi",
]

[[package]]
name = "wasmparser"
version = "0.51.4"
source = "registry+https://github.com/rust-lang/crates.io-index"
checksum = "aeb1956b19469d1c5e63e459d29e7b5aa0f558d9f16fcef09736f8a265e6c10a"

[[package]]
name = "winapi"
version = "0.3.9"
source = "registry+https://github.com/rust-lang/crates.io-index"
checksum = "5c839a674fcd7a98952e593242ea400abe93992746761e38641405d28b00f419"
dependencies = [
 "winapi-i686-pc-windows-gnu",
 "winapi-x86_64-pc-windows-gnu",
]

[[package]]
name = "winapi-i686-pc-windows-gnu"
version = "0.4.0"
source = "registry+https://github.com/rust-lang/crates.io-index"
checksum = "ac3b87c63620426dd9b991e5ce0329eff545bccbbb34f3be09ff6fb6ab51b7b6"

[[package]]
name = "winapi-x86_64-pc-windows-gnu"
version = "0.4.0"
source = "registry+https://github.com/rust-lang/crates.io-index"
checksum = "712e227841d057c1ee1cd2fb22fa7e5a5461ae8e48fa2ca79ec42cfc1931183f"

[[package]]
name = "wormhole"
version = "0.1.0"
dependencies = [
 "cosmwasm-std",
 "cosmwasm-storage",
 "cosmwasm-vm",
 "cw20",
 "cw20-base",
 "cw20-wrapped",
 "generic-array 0.14.4",
 "hex",
 "k256",
 "lazy_static",
 "schemars",
 "serde",
 "serde_json",
 "sha3",
 "thiserror",
]

[[package]]
name = "wyz"
version = "0.2.0"
source = "registry+https://github.com/rust-lang/crates.io-index"
checksum = "85e60b0d1b5f99db2556934e21937020776a5d31520bf169e851ac44e6420214"

[[package]]
name = "zeroize"
version = "1.3.0"
source = "registry+https://github.com/rust-lang/crates.io-index"
checksum = "4756f7db3f7b5574938c3eb1c117038b8e07f95ee6718c0efad4ac21508f1efd"
