# THIS IS AN AUTOGENERATED FILE. DO NOT EDIT THIS FILE DIRECTLY.
# yarn lockfile v1


"@aptos-labs/aptos-client@^0.1.0":
  version "0.1.0"
  resolved "https://registry.yarnpkg.com/@aptos-labs/aptos-client/-/aptos-client-0.1.0.tgz#911fb27e436e5731290de0e0cfce6e0d3feeabaa"
  dependencies:
    axios "1.6.2"
    got "^11.8.6"

"@cspotcode/source-map-support@^0.8.0":
  version "0.8.1"
  resolved "https://registry.npmjs.org/@cspotcode/source-map-support/-/source-map-support-0.8.1.tgz"
  dependencies:
    "@jridgewell/trace-mapping" "0.3.9"

"@jridgewell/resolve-uri@^3.0.3":
  version "3.1.0"
  resolved "https://registry.npmjs.org/@jridgewell/resolve-uri/-/resolve-uri-3.1.0.tgz"

"@jridgewell/sourcemap-codec@^1.4.10":
  version "1.4.14"
  resolved "https://registry.npmjs.org/@jridgewell/sourcemap-codec/-/sourcemap-codec-1.4.14.tgz"

"@jridgewell/trace-mapping@0.3.9":
  version "0.3.9"
  resolved "https://registry.npmjs.org/@jridgewell/trace-mapping/-/trace-mapping-0.3.9.tgz"
  dependencies:
    "@jridgewell/resolve-uri" "^3.0.3"
    "@jridgewell/sourcemap-codec" "^1.4.10"

"@noble/hashes@1.3.3", "@noble/hashes@~1.3.0":
  version "1.3.3"
  resolved "https://registry.yarnpkg.com/@noble/hashes/-/hashes-1.3.3.tgz#39908da56a4adc270147bb07968bf3b16cfe1699"

"@scure/base@~1.1.0":
  version "1.1.1"
  resolved "https://registry.npmjs.org/@scure/base/-/base-1.1.1.tgz"

"@scure/bip39@1.2.1":
  version "1.2.1"
  resolved "https://registry.yarnpkg.com/@scure/bip39/-/bip39-1.2.1.tgz#5cee8978656b272a917b7871c981e0541ad6ac2a"
  dependencies:
    "@noble/hashes" "~1.3.0"
    "@scure/base" "~1.1.0"

"@sindresorhus/is@^4.0.0":
  version "4.6.0"
  resolved "https://registry.yarnpkg.com/@sindresorhus/is/-/is-4.6.0.tgz#3c7c9c46e678feefe7a2e5bb609d3dbd665ffb3f"

"@szmarczak/http-timer@^4.0.5":
  version "4.0.6"
  resolved "https://registry.yarnpkg.com/@szmarczak/http-timer/-/http-timer-4.0.6.tgz#b4a914bb62e7c272d4e5989fe4440f812ab1d807"
  dependencies:
    defer-to-connect "^2.0.0"

"@tsconfig/node10@^1.0.7":
  version "1.0.9"
  resolved "https://registry.npmjs.org/@tsconfig/node10/-/node10-1.0.9.tgz"

"@tsconfig/node12@^1.0.7":
  version "1.0.11"
  resolved "https://registry.npmjs.org/@tsconfig/node12/-/node12-1.0.11.tgz"

"@tsconfig/node14@^1.0.0":
  version "1.0.3"
  resolved "https://registry.npmjs.org/@tsconfig/node14/-/node14-1.0.3.tgz"

"@tsconfig/node16@^1.0.2":
  version "1.0.3"
  resolved "https://registry.npmjs.org/@tsconfig/node16/-/node16-1.0.3.tgz"

"@types/cacheable-request@^6.0.1":
  version "6.0.3"
  resolved "https://registry.yarnpkg.com/@types/cacheable-request/-/cacheable-request-6.0.3.tgz#a430b3260466ca7b5ca5bfd735693b36e7a9d183"
  dependencies:
    "@types/http-cache-semantics" "*"
    "@types/keyv" "^3.1.4"
    "@types/node" "*"
    "@types/responselike" "^1.0.0"

"@types/http-cache-semantics@*":
  version "4.0.4"
  resolved "https://registry.yarnpkg.com/@types/http-cache-semantics/-/http-cache-semantics-4.0.4.tgz#b979ebad3919799c979b17c72621c0bc0a31c6c4"

"@types/keyv@^3.1.4":
  version "3.1.4"
  resolved "https://registry.yarnpkg.com/@types/keyv/-/keyv-3.1.4.tgz#3ccdb1c6751b0c7e52300bcdacd5bcbf8faa75b6"
  dependencies:
    "@types/node" "*"

"@types/node@*", "@types/node@^18.7.13":
  version "18.7.13"
  resolved "https://registry.npmjs.org/@types/node/-/node-18.7.13.tgz"

"@types/responselike@^1.0.0":
  version "1.0.3"
  resolved "https://registry.yarnpkg.com/@types/responselike/-/responselike-1.0.3.tgz#cc29706f0a397cfe6df89debfe4bf5cea159db50"
  dependencies:
    "@types/node" "*"

acorn-walk@^8.1.1:
  version "8.2.0"
  resolved "https://registry.npmjs.org/acorn-walk/-/acorn-walk-8.2.0.tgz"

acorn@^8.4.1:
  version "8.8.0"
  resolved "https://registry.npmjs.org/acorn/-/acorn-8.8.0.tgz"

aptos@^1.21.0:
  version "1.21.0"
  resolved "https://registry.yarnpkg.com/aptos/-/aptos-1.21.0.tgz#346623967a6d038a85f02d71ed6ec62c4cd2ae5e"
  dependencies:
    "@aptos-labs/aptos-client" "^0.1.0"
    "@noble/hashes" "1.3.3"
    "@scure/bip39" "1.2.1"
    eventemitter3 "^5.0.1"
    form-data "4.0.0"
    tweetnacl "1.0.3"

arg@^4.1.0:
  version "4.1.3"
  resolved "https://registry.npmjs.org/arg/-/arg-4.1.3.tgz"

asynckit@^0.4.0:
  version "0.4.0"
  resolved "https://registry.npmjs.org/asynckit/-/asynckit-0.4.0.tgz"

axios@1.6.2:
  version "1.6.2"
  resolved "https://registry.yarnpkg.com/axios/-/axios-1.6.2.tgz#de67d42c755b571d3e698df1b6504cde9b0ee9f2"
  dependencies:
    follow-redirects "^1.15.0"
    form-data "^4.0.0"
    proxy-from-env "^1.1.0"

cacheable-lookup@^5.0.3:
  version "5.0.4"
  resolved "https://registry.yarnpkg.com/cacheable-lookup/-/cacheable-lookup-5.0.4.tgz#5a6b865b2c44357be3d5ebc2a467b032719a7005"

cacheable-request@^7.0.2:
  version "7.0.4"
  resolved "https://registry.yarnpkg.com/cacheable-request/-/cacheable-request-7.0.4.tgz#7a33ebf08613178b403635be7b899d3e69bbe817"
  dependencies:
    clone-response "^1.0.2"
    get-stream "^5.1.0"
    http-cache-semantics "^4.0.0"
    keyv "^4.0.0"
    lowercase-keys "^2.0.0"
    normalize-url "^6.0.1"
    responselike "^2.0.0"

clone-response@^1.0.2:
  version "1.0.3"
  resolved "https://registry.yarnpkg.com/clone-response/-/clone-response-1.0.3.tgz#af2032aa47816399cf5f0a1d0db902f517abb8c3"
  dependencies:
    mimic-response "^1.0.0"

combined-stream@^1.0.8:
  version "1.0.8"
  resolved "https://registry.npmjs.org/combined-stream/-/combined-stream-1.0.8.tgz"
  dependencies:
    delayed-stream "~1.0.0"

create-require@^1.1.0:
  version "1.1.1"
  resolved "https://registry.npmjs.org/create-require/-/create-require-1.1.1.tgz"

decompress-response@^6.0.0:
  version "6.0.0"
  resolved "https://registry.yarnpkg.com/decompress-response/-/decompress-response-6.0.0.tgz#ca387612ddb7e104bd16d85aab00d5ecf09c66fc"
  dependencies:
    mimic-response "^3.1.0"

defer-to-connect@^2.0.0:
  version "2.0.1"
  resolved "https://registry.yarnpkg.com/defer-to-connect/-/defer-to-connect-2.0.1.tgz#8016bdb4143e4632b77a3449c6236277de520587"

delayed-stream@~1.0.0:
  version "1.0.0"
  resolved "https://registry.npmjs.org/delayed-stream/-/delayed-stream-1.0.0.tgz"

diff@^4.0.1:
  version "4.0.2"
  resolved "https://registry.npmjs.org/diff/-/diff-4.0.2.tgz"

end-of-stream@^1.1.0:
  version "1.4.4"
  resolved "https://registry.yarnpkg.com/end-of-stream/-/end-of-stream-1.4.4.tgz#5ae64a5f45057baf3626ec14da0ca5e4b2431eb0"
  dependencies:
    once "^1.4.0"

eventemitter3@^5.0.1:
  version "5.0.1"
  resolved "https://registry.yarnpkg.com/eventemitter3/-/eventemitter3-5.0.1.tgz#53f5ffd0a492ac800721bb42c66b841de96423c4"

follow-redirects@^1.15.0:
  version "1.15.4"
  resolved "https://registry.yarnpkg.com/follow-redirects/-/follow-redirects-1.15.4.tgz#cdc7d308bf6493126b17ea2191ea0ccf3e535adf"

form-data@4.0.0, form-data@^4.0.0:
  version "4.0.0"
  resolved "https://registry.yarnpkg.com/form-data/-/form-data-4.0.0.tgz#93919daeaf361ee529584b9b31664dc12c9fa452"
  dependencies:
    asynckit "^0.4.0"
    combined-stream "^1.0.8"
    mime-types "^2.1.12"

get-stream@^5.1.0:
  version "5.2.0"
  resolved "https://registry.yarnpkg.com/get-stream/-/get-stream-5.2.0.tgz#4966a1795ee5ace65e706c4b7beb71257d6e22d3"
  dependencies:
    pump "^3.0.0"

got@^11.8.6:
  version "11.8.6"
  resolved "https://registry.yarnpkg.com/got/-/got-11.8.6.tgz#276e827ead8772eddbcfc97170590b841823233a"
  dependencies:
    "@sindresorhus/is" "^4.0.0"
    "@szmarczak/http-timer" "^4.0.5"
    "@types/cacheable-request" "^6.0.1"
    "@types/responselike" "^1.0.0"
    cacheable-lookup "^5.0.3"
    cacheable-request "^7.0.2"
    decompress-response "^6.0.0"
    http2-wrapper "^1.0.0-beta.5.2"
    lowercase-keys "^2.0.0"
    p-cancelable "^2.0.0"
    responselike "^2.0.0"

http-cache-semantics@^4.0.0:
  version "4.1.1"
  resolved "https://registry.yarnpkg.com/http-cache-semantics/-/http-cache-semantics-4.1.1.tgz#abe02fcb2985460bf0323be664436ec3476a6d5a"

http2-wrapper@^1.0.0-beta.5.2:
  version "1.0.3"
  resolved "https://registry.yarnpkg.com/http2-wrapper/-/http2-wrapper-1.0.3.tgz#b8f55e0c1f25d4ebd08b3b0c2c079f9590800b3d"
  dependencies:
    quick-lru "^5.1.1"
    resolve-alpn "^1.0.0"

json-buffer@3.0.1:
  version "3.0.1"
  resolved "https://registry.yarnpkg.com/json-buffer/-/json-buffer-3.0.1.tgz#9338802a30d3b6605fbe0613e094008ca8c05a13"

keyv@^4.0.0:
  version "4.5.4"
  resolved "https://registry.yarnpkg.com/keyv/-/keyv-4.5.4.tgz#a879a99e29452f942439f2a405e3af8b31d4de93"
  dependencies:
    json-buffer "3.0.1"

lowercase-keys@^2.0.0:
  version "2.0.0"
  resolved "https://registry.yarnpkg.com/lowercase-keys/-/lowercase-keys-2.0.0.tgz#2603e78b7b4b0006cbca2fbcc8a3202558ac9479"

make-error@^1.1.1:
  version "1.3.6"
  resolved "https://registry.npmjs.org/make-error/-/make-error-1.3.6.tgz"

mime-db@1.52.0:
  version "1.52.0"
  resolved "https://registry.npmjs.org/mime-db/-/mime-db-1.52.0.tgz"

mime-types@^2.1.12:
  version "2.1.35"
  resolved "https://registry.npmjs.org/mime-types/-/mime-types-2.1.35.tgz"
  dependencies:
    mime-db "1.52.0"

mimic-response@^1.0.0:
  version "1.0.1"
  resolved "https://registry.yarnpkg.com/mimic-response/-/mimic-response-1.0.1.tgz#4923538878eef42063cb8a3e3b0798781487ab1b"

mimic-response@^3.1.0:
  version "3.1.0"
  resolved "https://registry.yarnpkg.com/mimic-response/-/mimic-response-3.1.0.tgz#2d1d59af9c1b129815accc2c46a022a5ce1fa3c9"

normalize-url@^6.0.1:
  version "6.1.0"
  resolved "https://registry.yarnpkg.com/normalize-url/-/normalize-url-6.1.0.tgz#40d0885b535deffe3f3147bec877d05fe4c5668a"

nvm@^0.0.4:
  version "0.0.4"
  resolved "https://registry.npmjs.org/nvm/-/nvm-0.0.4.tgz"

once@^1.3.1, once@^1.4.0:
  version "1.4.0"
  resolved "https://registry.yarnpkg.com/once/-/once-1.4.0.tgz#583b1aa775961d4b113ac17d9c50baef9dd76bd1"
  dependencies:
    wrappy "1"

p-cancelable@^2.0.0:
  version "2.1.1"
  resolved "https://registry.yarnpkg.com/p-cancelable/-/p-cancelable-2.1.1.tgz#aab7fbd416582fa32a3db49859c122487c5ed2cf"

proxy-from-env@^1.1.0:
  version "1.1.0"
  resolved "https://registry.yarnpkg.com/proxy-from-env/-/proxy-from-env-1.1.0.tgz#e102f16ca355424865755d2c9e8ea4f24d58c3e2"

pump@^3.0.0:
  version "3.0.0"
  resolved "https://registry.yarnpkg.com/pump/-/pump-3.0.0.tgz#b4a2116815bde2f4e1ea602354e8c75565107a64"
  dependencies:
    end-of-stream "^1.1.0"
    once "^1.3.1"

quick-lru@^5.1.1:
  version "5.1.1"
  resolved "https://registry.yarnpkg.com/quick-lru/-/quick-lru-5.1.1.tgz#366493e6b3e42a3a6885e2e99d18f80fb7a8c932"

resolve-alpn@^1.0.0:
  version "1.2.1"
  resolved "https://registry.yarnpkg.com/resolve-alpn/-/resolve-alpn-1.2.1.tgz#b7adbdac3546aaaec20b45e7d8265927072726f9"

responselike@^2.0.0:
  version "2.0.1"
  resolved "https://registry.yarnpkg.com/responselike/-/responselike-2.0.1.tgz#9a0bc8fdc252f3fb1cca68b016591059ba1422bc"
  dependencies:
    lowercase-keys "^2.0.0"

ts-node@^10.9.1:
  version "10.9.1"
  resolved "https://registry.npmjs.org/ts-node/-/ts-node-10.9.1.tgz"
  dependencies:
    "@cspotcode/source-map-support" "^0.8.0"
    "@tsconfig/node10" "^1.0.7"
    "@tsconfig/node12" "^1.0.7"
    "@tsconfig/node14" "^1.0.0"
    "@tsconfig/node16" "^1.0.2"
    acorn "^8.4.1"
    acorn-walk "^8.1.1"
    arg "^4.1.0"
    create-require "^1.1.0"
    diff "^4.0.1"
    make-error "^1.1.1"
    v8-compile-cache-lib "^3.0.1"
    yn "3.1.1"

tweetnacl@1.0.3:
  version "1.0.3"
  resolved "https://registry.npmjs.org/tweetnacl/-/tweetnacl-1.0.3.tgz"

typescript@^4.7.4:
  version "4.7.4"
  resolved "https://registry.npmjs.org/typescript/-/typescript-4.7.4.tgz"

v8-compile-cache-lib@^3.0.1:
  version "3.0.1"
  resolved "https://registry.npmjs.org/v8-compile-cache-lib/-/v8-compile-cache-lib-3.0.1.tgz"

wrappy@1:
  version "1.0.2"
  resolved "https://registry.yarnpkg.com/wrappy/-/wrappy-1.0.2.tgz#b5243d8f3ec1aa35f1364605bc0d1036e30ab69f"

yn@3.1.1:
  version "3.1.1"
  resolved "https://registry.npmjs.org/yn/-/yn-3.1.1.tgz"
