# THIS IS AN AUTOGENERATED FILE. DO NOT EDIT THIS FILE DIRECTLY.
# yarn lockfile v1


"@cspotcode/source-map-support@^0.8.0":
  "integrity" "sha512-IchNf6dN4tHoMFIn/7OE8LWZ19Y6q/67Bmf6vnGREv8RSbBVb9LPJxEcnwrcwX6ixSvaiGoomAUvu4YSxXrVgw=="
  "resolved" "https://registry.npmjs.org/@cspotcode/source-map-support/-/source-map-support-0.8.1.tgz"
  "version" "0.8.1"
  dependencies:
    "@jridgewell/trace-mapping" "0.3.9"

"@jridgewell/resolve-uri@^3.0.3":
  "integrity" "sha512-F2msla3tad+Mfht5cJq7LSXcdudKTWCVYUgw6pLFOOHSTtZlj6SWNYAp+AhuqLmWdBO2X5hPrLcu8cVP8fy28w=="
  "resolved" "https://registry.npmjs.org/@jridgewell/resolve-uri/-/resolve-uri-3.1.0.tgz"
  "version" "3.1.0"

"@jridgewell/sourcemap-codec@^1.4.10":
  "integrity" "sha512-XPSJHWmi394fuUuzDnGz1wiKqWfo1yXecHQMRf2l6hztTO+nPru658AyDngaBe7isIxEkRsPR3FZh+s7iVa4Uw=="
  "resolved" "https://registry.npmjs.org/@jridgewell/sourcemap-codec/-/sourcemap-codec-1.4.14.tgz"
  "version" "1.4.14"

"@jridgewell/trace-mapping@0.3.9":
  "integrity" "sha512-3Belt6tdc8bPgAtbcmdtNJlirVoTmEb5e2gC94PnkwEW9jI6CAHUeoG85tjWP5WquqfavoMtMwiG4P926ZKKuQ=="
  "resolved" "https://registry.npmjs.org/@jridgewell/trace-mapping/-/trace-mapping-0.3.9.tgz"
  "version" "0.3.9"
  dependencies:
    "@jridgewell/resolve-uri" "^3.0.3"
    "@jridgewell/sourcemap-codec" "^1.4.10"

"@noble/hashes@~1.1.1":
  "integrity" "sha512-KYRCASVTv6aeUi1tsF8/vpyR7zpfs3FUzy2Jqm+MU+LmUKhQ0y2FpfwqkCcxSg2ua4GALJd8k2R76WxwZGbQpA=="
  "resolved" "https://registry.npmjs.org/@noble/hashes/-/hashes-1.1.2.tgz"
  "version" "1.1.2"

"@scure/base@~1.1.0":
  "integrity" "sha512-ZxOhsSyxYwLJj3pLZCefNitxsj093tb2vq90mp2txoYeBqbcjDjqFhyM8eUjq/uFm6zJ+mUuqxlS2FkuSY1MTA=="
  "resolved" "https://registry.npmjs.org/@scure/base/-/base-1.1.1.tgz"
  "version" "1.1.1"

"@scure/bip39@^1.1.0":
  "integrity" "sha512-pwrPOS16VeTKg98dYXQyIjJEcWfz7/1YJIwxUEPFfQPtc86Ym/1sVgQ2RLoD43AazMk2l/unK4ITySSpW2+82w=="
  "resolved" "https://registry.npmjs.org/@scure/bip39/-/bip39-1.1.0.tgz"
  "version" "1.1.0"
  dependencies:
    "@noble/hashes" "~1.1.1"
    "@scure/base" "~1.1.0"

"@tsconfig/node10@^1.0.7":
  "integrity" "sha512-jNsYVVxU8v5g43Erja32laIDHXeoNvFEpX33OK4d6hljo3jDhCBDhx5dhCCTMWUojscpAagGiRkBKxpdl9fxqA=="
  "resolved" "https://registry.npmjs.org/@tsconfig/node10/-/node10-1.0.9.tgz"
  "version" "1.0.9"

"@tsconfig/node12@^1.0.7":
  "integrity" "sha512-cqefuRsh12pWyGsIoBKJA9luFu3mRxCA+ORZvA4ktLSzIuCUtWVxGIuXigEwO5/ywWFMZ2QEGKWvkZG1zDMTag=="
  "resolved" "https://registry.npmjs.org/@tsconfig/node12/-/node12-1.0.11.tgz"
  "version" "1.0.11"

"@tsconfig/node14@^1.0.0":
  "integrity" "sha512-ysT8mhdixWK6Hw3i1V2AeRqZ5WfXg1G43mqoYlM2nc6388Fq5jcXyr5mRsqViLx/GJYdoL0bfXD8nmF+Zn/Iow=="
  "resolved" "https://registry.npmjs.org/@tsconfig/node14/-/node14-1.0.3.tgz"
  "version" "1.0.3"

"@tsconfig/node16@^1.0.2":
  "integrity" "sha512-yOlFc+7UtL/89t2ZhjPvvB/DeAr3r+Dq58IgzsFkOAvVC6NMJXmCGjbptdXdR9qsX7pKcTL+s87FtYREi2dEEQ=="
  "resolved" "https://registry.npmjs.org/@tsconfig/node16/-/node16-1.0.3.tgz"
  "version" "1.0.3"

"@types/node@*", "@types/node@^18.7.13":
  "integrity" "sha512-46yIhxSe5xEaJZXWdIBP7GU4HDTG8/eo0qd9atdiL+lFpA03y8KS+lkTN834TWJj5767GbWv4n/P6efyTFt1Dw=="
  "resolved" "https://registry.npmjs.org/@types/node/-/node-18.7.13.tgz"
  "version" "18.7.13"

"acorn-walk@^8.1.1":
  "integrity" "sha512-k+iyHEuPgSw6SbuDpGQM+06HQUa04DZ3o+F6CSzXMvvI5KMvnaEqXe+YVe555R9nn6GPt404fos4wcgpw12SDA=="
  "resolved" "https://registry.npmjs.org/acorn-walk/-/acorn-walk-8.2.0.tgz"
  "version" "8.2.0"

"acorn@^8.4.1":
  "integrity" "sha512-QOxyigPVrpZ2GXT+PFyZTl6TtOFc5egxHIP9IlQ+RbupQuX4RkT/Bee4/kQuC02Xkzg84JcT7oLYtDIQxp+v7w=="
  "resolved" "https://registry.npmjs.org/acorn/-/acorn-8.8.0.tgz"
  "version" "8.8.0"

"aptos@^1.3.9":
  "integrity" "sha512-x/h2MEprUu1/gxAvKR7DGqIXT85S2hsXDVXNcstfob0OUtgybnUTf4N7KwjTrQF1XhcmTPcH7Bj7xD6Jb9OWcw=="
  "resolved" "https://registry.npmjs.org/aptos/-/aptos-1.3.9.tgz"
  "version" "1.3.9"
  dependencies:
    "@scure/bip39" "^1.1.0"
    "axios" "^0.27.2"
    "buffer" "^6.0.3"
    "ed25519-hd-key" "^1.2.0"
    "js-sha3" "^0.8.0"
    "tweetnacl" "^1.0.3"
    "typescript-memoize" "^1.1.0"
    "yarn" "^1.22.19"

"arg@^4.1.0":
  "integrity" "sha512-58S9QDqG0Xx27YwPSt9fJxivjYl432YCwfDMfZ+71RAqUrZef7LrKQZ3LHLOwCS4FLNBplP533Zx895SeOCHvA=="
  "resolved" "https://registry.npmjs.org/arg/-/arg-4.1.3.tgz"
  "version" "4.1.3"

"asynckit@^0.4.0":
  "integrity" "sha512-Oei9OH4tRh0YqU3GxhX79dM/mwVgvbZJaSNaRk+bshkj0S5cfHcgYakreBjrHwatXKbz+IoIdYLxrKim2MjW0Q=="
  "resolved" "https://registry.npmjs.org/asynckit/-/asynckit-0.4.0.tgz"
  "version" "0.4.0"

"axios@^0.27.2":
  "integrity" "sha512-t+yRIyySRTp/wua5xEr+z1q60QmLq8ABsS5O9Me1AsE5dfKqgnCFzwiCZZ/cGNd1lq4/7akDWMxdhVlucjmnOQ=="
  "resolved" "https://registry.npmjs.org/axios/-/axios-0.27.2.tgz"
  "version" "0.27.2"
  dependencies:
    "follow-redirects" "^1.14.9"
    "form-data" "^4.0.0"

"base64-js@^1.3.1":
  "integrity" "sha512-AKpaYlHn8t4SVbOHCy+b5+KKgvR4vrsD8vbvrbiQJps7fKDTkjkDry6ji0rUJjC0kzbNePLwzxq8iypo41qeWA=="
  "resolved" "https://registry.npmjs.org/base64-js/-/base64-js-1.5.1.tgz"
  "version" "1.5.1"

"buffer@^6.0.3":
  "integrity" "sha512-FTiCpNxtwiZZHEZbcbTIcZjERVICn9yq/pDFkTl95/AxzD1naBctN7YO68riM/gLSDY7sdrMby8hofADYuuqOA=="
  "resolved" "https://registry.npmjs.org/buffer/-/buffer-6.0.3.tgz"
  "version" "6.0.3"
  dependencies:
    "base64-js" "^1.3.1"
    "ieee754" "^1.2.1"

"cipher-base@^1.0.1", "cipher-base@^1.0.3":
  "integrity" "sha512-Kkht5ye6ZGmwv40uUDZztayT2ThLQGfnj/T71N/XzeZeo3nf8foyW7zGTsPYkEya3m5f3cAypH+qe7YOrM1U2Q=="
  "resolved" "https://registry.npmjs.org/cipher-base/-/cipher-base-1.0.4.tgz"
  "version" "1.0.4"
  dependencies:
    "inherits" "^2.0.1"
    "safe-buffer" "^5.0.1"

"combined-stream@^1.0.8":
  "integrity" "sha512-FQN4MRfuJeHf7cBbBMJFXhKSDq+2kAArBlmRBvcvFE5BB1HZKXtSFASDhdlz9zOYwxh8lDdnvmMOe/+5cdoEdg=="
  "resolved" "https://registry.npmjs.org/combined-stream/-/combined-stream-1.0.8.tgz"
  "version" "1.0.8"
  dependencies:
    "delayed-stream" "~1.0.0"

"create-hash@^1.1.0":
  "integrity" "sha512-z00bCGNHDG8mHAkP7CtT1qVu+bFQUPjYq/4Iv3C3kWjTFV10zIjfSoeqXo9Asws8gwSHDGj/hl2u4OGIjapeCg=="
  "resolved" "https://registry.npmjs.org/create-hash/-/create-hash-1.2.0.tgz"
  "version" "1.2.0"
  dependencies:
    "cipher-base" "^1.0.1"
    "inherits" "^2.0.1"
    "md5.js" "^1.3.4"
    "ripemd160" "^2.0.1"
    "sha.js" "^2.4.0"

"create-hmac@1.1.7":
  "integrity" "sha512-MJG9liiZ+ogc4TzUwuvbER1JRdgvUFSB5+VR/g5h82fGaIRWMWddtKBHi7/sVhfjQZ6SehlyhvQYrcYkaUIpLg=="
  "resolved" "https://registry.npmjs.org/create-hmac/-/create-hmac-1.1.7.tgz"
  "version" "1.1.7"
  dependencies:
    "cipher-base" "^1.0.3"
    "create-hash" "^1.1.0"
    "inherits" "^2.0.1"
    "ripemd160" "^2.0.0"
    "safe-buffer" "^5.0.1"
    "sha.js" "^2.4.8"

"create-require@^1.1.0":
  "integrity" "sha512-dcKFX3jn0MpIaXjisoRvexIJVEKzaq7z2rZKxf+MSr9TkdmHmsU4m2lcLojrj/FHl8mk5VxMmYA+ftRkP/3oKQ=="
  "resolved" "https://registry.npmjs.org/create-require/-/create-require-1.1.1.tgz"
  "version" "1.1.1"

"delayed-stream@~1.0.0":
  "integrity" "sha512-ZySD7Nf91aLB0RxL4KGrKHBXl7Eds1DAmEdcoVawXnLD7SDhpNgtuII2aAkg7a7QS41jxPSZ17p4VdGnMHk3MQ=="
  "resolved" "https://registry.npmjs.org/delayed-stream/-/delayed-stream-1.0.0.tgz"
  "version" "1.0.0"

"diff@^4.0.1":
  "integrity" "sha512-58lmxKSA4BNyLz+HHMUzlOEpg09FV+ev6ZMe3vJihgdxzgcwZ8VoEEPmALCZG9LmqfVoNMMKpttIYTVG6uDY7A=="
  "resolved" "https://registry.npmjs.org/diff/-/diff-4.0.2.tgz"
  "version" "4.0.2"

"ed25519-hd-key@^1.2.0":
  "integrity" "sha512-IWwAyiiuJQhgu3L8NaHb68eJxTu2pgCwxIBdgpLJdKpYZM46+AXePSVTr7fkNKaUOfOL4IrjEUaQvyVRIDP7fg=="
  "resolved" "https://registry.npmjs.org/ed25519-hd-key/-/ed25519-hd-key-1.3.0.tgz"
  "version" "1.3.0"
  dependencies:
    "create-hmac" "1.1.7"
    "tweetnacl" "1.0.3"

"follow-redirects@^1.14.9":
  "integrity" "sha512-yLAMQs+k0b2m7cVxpS1VKJVvoz7SS9Td1zss3XRwXj+ZDH00RJgnuLx7E44wx02kQLrdM3aOOy+FpzS7+8OizA=="
  "resolved" "https://registry.npmjs.org/follow-redirects/-/follow-redirects-1.15.1.tgz"
  "version" "1.15.1"

"form-data@^4.0.0":
  "integrity" "sha512-ETEklSGi5t0QMZuiXoA/Q6vcnxcLQP5vdugSpuAyi6SVGi2clPPp+xgEhuMaHC+zGgn31Kd235W35f7Hykkaww=="
  "resolved" "https://registry.npmjs.org/form-data/-/form-data-4.0.0.tgz"
  "version" "4.0.0"
  dependencies:
    "asynckit" "^0.4.0"
    "combined-stream" "^1.0.8"
    "mime-types" "^2.1.12"

"hash-base@^3.0.0":
  "integrity" "sha512-1nmYp/rhMDiE7AYkDw+lLwlAzz0AntGIe51F3RfFfEqyQ3feY2eI/NcwC6umIQVOASPMsWJLJScWKSSvzL9IVA=="
  "resolved" "https://registry.npmjs.org/hash-base/-/hash-base-3.1.0.tgz"
  "version" "3.1.0"
  dependencies:
    "inherits" "^2.0.4"
    "readable-stream" "^3.6.0"
    "safe-buffer" "^5.2.0"

"ieee754@^1.2.1":
  "integrity" "sha512-dcyqhDvX1C46lXZcVqCpK+FtMRQVdIMN6/Df5js2zouUsqG7I6sFxitIC+7KYK29KdXOLHdu9zL4sFnoVQnqaA=="
  "resolved" "https://registry.npmjs.org/ieee754/-/ieee754-1.2.1.tgz"
  "version" "1.2.1"

"inherits@^2.0.1", "inherits@^2.0.3", "inherits@^2.0.4":
  "integrity" "sha512-k/vGaX4/Yla3WzyMCvTQOXYeIHvqOKtnqBduzTHpzpQZzAskKMhZ2K+EnBiSM9zGSoIFeMpXKxa4dYeZIQqewQ=="
  "resolved" "https://registry.npmjs.org/inherits/-/inherits-2.0.4.tgz"
  "version" "2.0.4"

"js-sha3@^0.8.0":
  "integrity" "sha512-gF1cRrHhIzNfToc802P800N8PpXS+evLLXfsVpowqmAFR9uwbi89WvXg2QspOmXL8QL86J4T1EpFu+yUkwJY3Q=="
  "resolved" "https://registry.npmjs.org/js-sha3/-/js-sha3-0.8.0.tgz"
  "version" "0.8.0"

"make-error@^1.1.1":
  "integrity" "sha512-s8UhlNe7vPKomQhC1qFelMokr/Sc3AgNbso3n74mVPA5LTZwkB9NlXf4XPamLxJE8h0gh73rM94xvwRT2CVInw=="
  "resolved" "https://registry.npmjs.org/make-error/-/make-error-1.3.6.tgz"
  "version" "1.3.6"

"md5.js@^1.3.4":
  "integrity" "sha512-xitP+WxNPcTTOgnTJcrhM0xvdPepipPSf3I8EIpGKeFLjt3PlJLIDG3u8EX53ZIubkb+5U2+3rELYpEhHhzdkg=="
  "resolved" "https://registry.npmjs.org/md5.js/-/md5.js-1.3.5.tgz"
  "version" "1.3.5"
  dependencies:
    "hash-base" "^3.0.0"
    "inherits" "^2.0.1"
    "safe-buffer" "^5.1.2"

"mime-db@1.52.0":
  "integrity" "sha512-sPU4uV7dYlvtWJxwwxHD0PuihVNiE7TyAbQ5SWxDCB9mUYvOgroQOwYQQOKPJ8CIbE+1ETVlOoK1UC2nU3gYvg=="
  "resolved" "https://registry.npmjs.org/mime-db/-/mime-db-1.52.0.tgz"
  "version" "1.52.0"

"mime-types@^2.1.12":
  "integrity" "sha512-ZDY+bPm5zTTF+YpCrAU9nK0UgICYPT0QtT1NZWFv4s++TNkcgVaT0g6+4R2uI4MjQjzysHB1zxuWL50hzaeXiw=="
  "resolved" "https://registry.npmjs.org/mime-types/-/mime-types-2.1.35.tgz"
  "version" "2.1.35"
  dependencies:
    "mime-db" "1.52.0"

"nvm@^0.0.4":
  "integrity" "sha512-jvmyELykYcdyd0VCGY0E8Aqe5MngEasVvlPvrcJHbwBMUbVqa72mPdQuPzyTcykEtEx7jDrMY0QA5MoV+8EhgA=="
  "resolved" "https://registry.npmjs.org/nvm/-/nvm-0.0.4.tgz"
  "version" "0.0.4"

"readable-stream@^3.6.0":
  "integrity" "sha512-BViHy7LKeTz4oNnkcLJ+lVSL6vpiFeX6/d3oSH8zCW7UxP2onchk+vTGB143xuFjHS3deTgkKoXXymXqymiIdA=="
  "resolved" "https://registry.npmjs.org/readable-stream/-/readable-stream-3.6.0.tgz"
  "version" "3.6.0"
  dependencies:
    "inherits" "^2.0.3"
    "string_decoder" "^1.1.1"
    "util-deprecate" "^1.0.1"

"ripemd160@^2.0.0", "ripemd160@^2.0.1":
  "integrity" "sha512-ii4iagi25WusVoiC4B4lq7pbXfAp3D9v5CwfkY33vffw2+pkDjY1D8GaN7spsxvCSx8dkPqOZCEZyfxcmJG2IA=="
  "resolved" "https://registry.npmjs.org/ripemd160/-/ripemd160-2.0.2.tgz"
  "version" "2.0.2"
  dependencies:
    "hash-base" "^3.0.0"
    "inherits" "^2.0.1"

"safe-buffer@^5.0.1", "safe-buffer@^5.1.2", "safe-buffer@^5.2.0", "safe-buffer@~5.2.0":
  "integrity" "sha512-rp3So07KcdmmKbGvgaNxQSJr7bGVSVk5S9Eq1F+ppbRo70+YeaDxkw5Dd8NPN+GD6bjnYm2VuPuCXmpuYvmCXQ=="
  "resolved" "https://registry.npmjs.org/safe-buffer/-/safe-buffer-5.2.1.tgz"
  "version" "5.2.1"

"sha.js@^2.4.0", "sha.js@^2.4.8":
  "integrity" "sha512-QMEp5B7cftE7APOjk5Y6xgrbWu+WkLVQwk8JNjZ8nKRciZaByEW6MubieAiToS7+dwvrjGhH8jRXz3MVd0AYqQ=="
  "resolved" "https://registry.npmjs.org/sha.js/-/sha.js-2.4.11.tgz"
  "version" "2.4.11"
  dependencies:
    "inherits" "^2.0.1"
    "safe-buffer" "^5.0.1"

"string_decoder@^1.1.1":
  "integrity" "sha512-hkRX8U1WjJFd8LsDJ2yQ/wWWxaopEsABU1XfkM8A+j0+85JAGppt16cr1Whg6KIbb4okU6Mql6BOj+uup/wKeA=="
  "resolved" "https://registry.npmjs.org/string_decoder/-/string_decoder-1.3.0.tgz"
  "version" "1.3.0"
  dependencies:
    "safe-buffer" "~5.2.0"

"ts-node@^10.9.1":
  "integrity" "sha512-NtVysVPkxxrwFGUUxGYhfux8k78pQB3JqYBXlLRZgdGUqTO5wU/UyHop5p70iEbGhB7q5KmiZiU0Y3KlJrScEw=="
  "resolved" "https://registry.npmjs.org/ts-node/-/ts-node-10.9.1.tgz"
  "version" "10.9.1"
  dependencies:
    "@cspotcode/source-map-support" "^0.8.0"
    "@tsconfig/node10" "^1.0.7"
    "@tsconfig/node12" "^1.0.7"
    "@tsconfig/node14" "^1.0.0"
    "@tsconfig/node16" "^1.0.2"
    "acorn" "^8.4.1"
    "acorn-walk" "^8.1.1"
    "arg" "^4.1.0"
    "create-require" "^1.1.0"
    "diff" "^4.0.1"
    "make-error" "^1.1.1"
    "v8-compile-cache-lib" "^3.0.1"
    "yn" "3.1.1"

"tweetnacl@^1.0.3", "tweetnacl@1.0.3":
  "integrity" "sha512-6rt+RN7aOi1nGMyC4Xa5DdYiukl2UWCbcJft7YhxReBGQD7OAM8Pbxw6YMo4r2diNEA8FEmu32YOn9rhaiE5yw=="
  "resolved" "https://registry.npmjs.org/tweetnacl/-/tweetnacl-1.0.3.tgz"
  "version" "1.0.3"

"typescript-memoize@^1.1.0":
  "integrity" "sha512-LQPKVXK8QrBBkL/zclE6YgSWn0I8ew5m0Lf+XL00IwMhlotqRLlzHV+BRrljVQIc+NohUAuQP7mg4HQwrx5Xbg=="
  "resolved" "https://registry.npmjs.org/typescript-memoize/-/typescript-memoize-1.1.0.tgz"
  "version" "1.1.0"

"typescript@^4.7.4", "typescript@>=2.7":
  "integrity" "sha512-C0WQT0gezHuw6AdY1M2jxUO83Rjf0HP7Sk1DtXj6j1EwkQNZrHAg2XPWlq62oqEhYvONq5pkC2Y9oPljWToLmQ=="
  "resolved" "https://registry.npmjs.org/typescript/-/typescript-4.7.4.tgz"
  "version" "4.7.4"

"util-deprecate@^1.0.1":
  "integrity" "sha512-EPD5q1uXyFxJpCrLnCc1nHnq3gOa6DZBocAIiI2TaSCA7VCJ1UJDMagCzIkXNsUYfD1daK//LTEQ8xiIbrHtcw=="
  "resolved" "https://registry.npmjs.org/util-deprecate/-/util-deprecate-1.0.2.tgz"
  "version" "1.0.2"

"v8-compile-cache-lib@^3.0.1":
  "integrity" "sha512-wa7YjyUGfNZngI/vtK0UHAN+lgDCxBPCylVXGp0zu59Fz5aiGtNXaq3DhIov063MorB+VfufLh3JlF2KdTK3xg=="
  "resolved" "https://registry.npmjs.org/v8-compile-cache-lib/-/v8-compile-cache-lib-3.0.1.tgz"
  "version" "3.0.1"

"yarn@^1.22.19":
  "integrity" "sha512-/0V5q0WbslqnwP91tirOvldvYISzaqhClxzyUKXYxs07yUILIs5jx/k6CFe8bvKSkds5w+eiOqta39Wk3WxdcQ=="
  "resolved" "https://registry.npmjs.org/yarn/-/yarn-1.22.19.tgz"
  "version" "1.22.19"

"yn@3.1.1":
  "integrity" "sha512-Ux4ygGWsu2c7isFWe8Yu1YluJmqVhxqK2cLXNQA5AcC3QfbGNpM7fu0Y8b/z16pXLnFxZYvWhd3fhBY9DLmC6Q=="
  "resolved" "https://registry.npmjs.org/yn/-/yn-3.1.1.tgz"
  "version" "3.1.1"
